
Microsoft Visual Studio Solution File, Format Version 12.00
# Visual Studio 15
VisualStudioVersion = 15.0.27703.2047
MinimumVisualStudioVersion = 10.0.40219.1
Project("{8BC9CEB8-8B4A-11D0-8D11-00A0C91BC942}") = "OpenGL", "OpenGL\OpenGL.vcxproj", "{CE674C1D-022F-41B7-A07E-0532847B2190}"
EndProject
Global
	GlobalSection(SolutionConfigurationPlatforms) = preSolution
		Debug|x64 = Debug|x64
		Debug|x86 = Debug|x86
		Release|x64 = Release|x64
		Release|x86 = Release|x86
	EndGlobalSection
	GlobalSection(ProjectConfigurationPlatforms) = postSolution
		{CE674C1D-022F-41B7-A07E-0532847B2190}.Debug|x64.ActiveCfg = Debug|x64
		{CE674C1D-022F-41B7-A07E-0532847B2190}.Debug|x64.Build.0 = Debug|x64
		{CE674C1D-022F-41B7-A07E-0532847B2190}.Debug|x86.ActiveCfg = Debug|Win32
		{CE674C1D-022F-41B7-A07E-0532847B2190}.Debug|x86.Build.0 = Debug|Win32
		{CE674C1D-022F-41B7-A07E-0532847B2190}.Release|x64.ActiveCfg = Release|x64
		{CE674C1D-022F-41B7-A07E-0532847B2190}.Release|x64.Build.0 = Release|x64
		{CE674C1D-022F-41B7-A07E-0532847B2190}.Release|x86.ActiveCfg = Release|Win32
		{CE674C1D-022F-41B7-A07E-0532847B2190}.Release|x86.Build.0 = Release|Win32
	EndGlobalSection
	GlobalSection(SolutionProperties) = preSolution
		HideSolutionNode = FALSE
	EndGlobalSection
	GlobalSection(ExtensibilityGlobals) = postSolution
		SolutionGuid = {5984644A-0C68-4AC9-ABA4-5F7A9DF9CC4A}
	EndGlobalSection
EndGlobal
